
Microsoft Visual Studio Solution File, Format Version 12.00
# Visual Studio Version 16
VisualStudioVersion = 16.0.31829.152
MinimumVisualStudioVersion = 10.0.40219.1
Project("{FAE04EC0-301F-11D3-BF4B-00C04F79EFBC}") = "16n17", "16n17\16n17.csproj", "{CE442863-93C3-436E-B470-6FAEFDA3CFFE}"
EndProject
Global
	GlobalSection(SolutionConfigurationPlatforms) = preSolution
		Debug|Any CPU = Debug|Any CPU
		Release|Any CPU = Release|Any CPU
	EndGlobalSection
	GlobalSection(ProjectConfigurationPlatforms) = postSolution
		{CE442863-93C3-436E-B470-6FAEFDA3CFFE}.Debug|Any CPU.ActiveCfg = Debug|Any CPU
		{CE442863-93C3-436E-B470-6FAEFDA3CFFE}.Debug|Any CPU.Build.0 = Debug|Any CPU
		{CE442863-93C3-436E-B470-6FAEFDA3CFFE}.Release|Any CPU.ActiveCfg = Release|Any CPU
		{CE442863-93C3-436E-B470-6FAEFDA3CFFE}.Release|Any CPU.Build.0 = Release|Any CPU
	EndGlobalSection
	GlobalSection(SolutionProperties) = preSolution
		HideSolutionNode = FALSE
	EndGlobalSection
	GlobalSection(ExtensibilityGlobals) = postSolution
		SolutionGuid = {C4496373-096A-4876-A863-CDD964FD4AEB}
	EndGlobalSection
EndGlobal
